
Microsoft Visual Studio Solution File, Format Version 12.00
# Visual Studio Version 17
VisualStudioVersion = 17.0.31903.59
MinimumVisualStudioVersion = 10.0.40219.1
Project("{FAE04EC0-301F-11D3-BF4B-00C04F79EFBC}") = "SquareEquationLib", "SquareEquationLib\SquareEquationLib.csproj", "{ED063FF2-E556-461F-9EFE-9C01B1398ADB}"
EndProject
Project("{FAE04EC0-301F-11D3-BF4B-00C04F79EFBC}") = "XUnit.Coverlet.MSBuild", "SquareEquationLib.Test\XUnit.Coverlet.MSBuild.csproj", "{80C0B71E-7E3A-485C-A76D-B03A2BCAE6D6}"
EndProject
Project("{FAE04EC0-301F-11D3-BF4B-00C04F79EFBC}") = "SquareEquationLib.SpecFlow.Test", "SquareEquationLib.SpecFlow.Test\SquareEquationLib.SpecFlow.Test.csproj", "{4015ABC7-29BE-41AE-BA72-DF61EF6EF97D}"
EndProject
Global
	GlobalSection(SolutionConfigurationPlatforms) = preSolution
		Debug|Any CPU = Debug|Any CPU
		Release|Any CPU = Release|Any CPU
	EndGlobalSection
	GlobalSection(SolutionProperties) = preSolution
		HideSolutionNode = FALSE
	EndGlobalSection
	GlobalSection(ProjectConfigurationPlatforms) = postSolution
		{906CCE95-8A94-476C-93E7-F1109E43C2DE}.Debug|Any CPU.ActiveCfg = Debug|Any CPU
		{906CCE95-8A94-476C-93E7-F1109E43C2DE}.Debug|Any CPU.Build.0 = Debug|Any CPU
		{906CCE95-8A94-476C-93E7-F1109E43C2DE}.Release|Any CPU.ActiveCfg = Release|Any CPU
		{906CCE95-8A94-476C-93E7-F1109E43C2DE}.Release|Any CPU.Build.0 = Release|Any CPU
		{ED063FF2-E556-461F-9EFE-9C01B1398ADB}.Debug|Any CPU.ActiveCfg = Debug|Any CPU
		{ED063FF2-E556-461F-9EFE-9C01B1398ADB}.Debug|Any CPU.Build.0 = Debug|Any CPU
		{ED063FF2-E556-461F-9EFE-9C01B1398ADB}.Release|Any CPU.ActiveCfg = Release|Any CPU
		{ED063FF2-E556-461F-9EFE-9C01B1398ADB}.Release|Any CPU.Build.0 = Release|Any CPU
		{6D6D8EB3-693F-4678-864D-B5F18B0516EB}.Debug|Any CPU.ActiveCfg = Debug|Any CPU
		{6D6D8EB3-693F-4678-864D-B5F18B0516EB}.Debug|Any CPU.Build.0 = Debug|Any CPU
		{6D6D8EB3-693F-4678-864D-B5F18B0516EB}.Release|Any CPU.ActiveCfg = Release|Any CPU
		{6D6D8EB3-693F-4678-864D-B5F18B0516EB}.Release|Any CPU.Build.0 = Release|Any CPU
		{13F107D3-7EC3-48DF-B7E1-23B49AC8672B}.Debug|Any CPU.ActiveCfg = Debug|Any CPU
		{13F107D3-7EC3-48DF-B7E1-23B49AC8672B}.Debug|Any CPU.Build.0 = Debug|Any CPU
		{13F107D3-7EC3-48DF-B7E1-23B49AC8672B}.Release|Any CPU.ActiveCfg = Release|Any CPU
		{13F107D3-7EC3-48DF-B7E1-23B49AC8672B}.Release|Any CPU.Build.0 = Release|Any CPU
		{80C0B71E-7E3A-485C-A76D-B03A2BCAE6D6}.Debug|Any CPU.ActiveCfg = Debug|Any CPU
		{80C0B71E-7E3A-485C-A76D-B03A2BCAE6D6}.Debug|Any CPU.Build.0 = Debug|Any CPU
		{80C0B71E-7E3A-485C-A76D-B03A2BCAE6D6}.Release|Any CPU.ActiveCfg = Release|Any CPU
		{80C0B71E-7E3A-485C-A76D-B03A2BCAE6D6}.Release|Any CPU.Build.0 = Release|Any CPU
		{4015ABC7-29BE-41AE-BA72-DF61EF6EF97D}.Debug|Any CPU.ActiveCfg = Debug|Any CPU
		{4015ABC7-29BE-41AE-BA72-DF61EF6EF97D}.Debug|Any CPU.Build.0 = Debug|Any CPU
		{4015ABC7-29BE-41AE-BA72-DF61EF6EF97D}.Release|Any CPU.ActiveCfg = Release|Any CPU
		{4015ABC7-29BE-41AE-BA72-DF61EF6EF97D}.Release|Any CPU.Build.0 = Release|Any CPU
	EndGlobalSection
EndGlobal
